# This file is autogenerated, do not edit; changes may be undone by the next 'dep ensure'.


[[projects]]
  branch = "master"
  name = "github.com/Jeffail/gabs"
  packages = ["."]
  revision = "7a0fed31069aba77993a518cc2f37b28ee7aa883"

[[projects]]
  branch = "master"
  name = "github.com/bradfitz/slice"
  packages = ["."]
  revision = "d9036e2120b5ddfa53f3ebccd618c4af275f47da"

[[projects]]
  name = "github.com/coreos/go-semver"
  packages = ["semver"]
  revision = "8ab6407b697782a06568d4b7f1db25550ec2e4c6"
  version = "v0.2.0"

[[projects]]
  name = "github.com/fatih/color"
  packages = ["."]
  revision = "507f6050b8568533fb3f5504de8e5205fa62a114"
  version = "v1.6.0"

[[projects]]
  name = "github.com/giantswarm/columnize"
  packages = ["."]
  revision = "677ded9e47e75ca49bd2541794a7281a49a2f17b"
  version = "v2.0.2"

[[projects]]
  branch = "v4-login"
  name = "github.com/giantswarm/gsclientgen"
  packages = ["."]
  revision = "c0359448dad32fb68d1b89119c870d3f4d27e1b9"

[[projects]]
  branch = "master"
  name = "github.com/giantswarm/microerror"
  packages = ["."]
  revision = "325932fa68e70dd4464598f11e2f710ac1aaec46"

[[projects]]
  branch = "master"
  name = "github.com/hashicorp/go-rootcerts"
  packages = ["."]
  revision = "6bb64b370b90e7ef1fa532be9e591a81c3493e00"

[[projects]]
  branch = "master"
  name = "github.com/howeyc/gopass"
  packages = ["."]
  revision = "bf9dde6d0d2c004a008c27aaee91170c786f6db8"

[[projects]]
  name = "github.com/inconshreveable/mousetrap"
  packages = ["."]
  revision = "76626ae9c91c4f2a10f34cad8ce83ea42c93bb75"
  version = "v1.0"

[[projects]]
  branch = "master"
  name = "github.com/juju/errgo"
  packages = ["."]
  revision = "08cceb5d0b5331634b9826762a8fd53b29b86ad8"

[[projects]]
  name = "github.com/mattn/go-colorable"
  packages = ["."]
  revision = "167de6bfdfba052fa6b2d3664c8f5272e23c9072"
  version = "v0.0.9"

[[projects]]
  name = "github.com/mattn/go-isatty"
  packages = ["."]
  revision = "0360b2af4f38e8d38c7fce2a9f4e702702d73a39"
  version = "v0.0.3"

[[projects]]
  branch = "master"
  name = "github.com/mitchellh/go-homedir"
  packages = ["."]
  revision = "b8bc1bf767474819792c23f32d8286a45736f1c6"

[[projects]]
  branch = "master"
  name = "github.com/spf13/cobra"
  packages = ["."]
  revision = "ef82de70bb3f60c65fb8eebacbb2d122ef517385"

[[projects]]
  name = "github.com/spf13/pflag"
  packages = ["."]
  revision = "583c0c0531f06d5278b7d917446061adc344b5cd"
  version = "v1.0.1"

[[projects]]
  branch = "master"
  name = "go4.org"
  packages = ["reflectutil"]
  revision = "9599cf28b011184741f249bd9f9330756b506cbc"

[[projects]]
  branch = "master"
  name = "golang.org/x/crypto"
  packages = ["ssh/terminal"]
  revision = "94e3fad7f1b4eed4ec147751ad6b4c4d33f00611"

[[projects]]
  branch = "master"
  name = "golang.org/x/net"
  packages = [
    "idna",
    "publicsuffix"
  ]
  revision = "2491c5de3490fced2f6cff376127c667efeed857"

[[projects]]
  branch = "master"
  name = "golang.org/x/sys"
  packages = [
    "unix",
    "windows"
  ]
  revision = "d0faeb539838e250bd0a9db4182d48d4a1915181"

[[projects]]
  name = "golang.org/x/text"
  packages = [
    "collate",
    "collate/build",
    "internal/colltab",
    "internal/gen",
    "internal/tag",
    "internal/triegen",
    "internal/ucd",
    "language",
    "secure/bidirule",
    "transform",
    "unicode/bidi",
    "unicode/cldr",
    "unicode/norm",
    "unicode/rangetable"
  ]
  revision = "f21a4dfb5e38f5895301dc265a8def02365cc3d0"
  version = "v0.3.0"

[[projects]]
  name = "gopkg.in/go-resty/resty.v0"
  packages = ["."]
  revision = "cf81ed0a604d373be63b4c036c6b05c06520615f"
  version = "v0.13"

[[projects]]
  name = "gopkg.in/yaml.v2"
  packages = ["."]
  revision = "5420a8b6744d3b0345ab293f6fcba19c978f1183"
  version = "v2.2.1"

[solve-meta]
  analyzer-name = "dep"
  analyzer-version = 1
  inputs-digest = "3a425d831c40254ab2065e2e4a189e7e09d5e843b8433477296e072afaa38c2f"
  solver-name = "gps-cdcl"
  solver-version = 1
